
Microsoft Visual Studio Solution File, Format Version 12.00
# Visual Studio Version 16
VisualStudioVersion = 16.0.31019.35
MinimumVisualStudioVersion = 10.0.40219.1
Project("{8BC9CEB8-8B4A-11D0-8D11-00A0C91BC942}") = "Lab_6.1", "Lab_6.1\Lab_6.1.vcxproj", "{8B3034D2-6274-45F8-A3B7-3706B686B894}"
EndProject
Project("{8BC9CEB8-8B4A-11D0-8D11-00A0C91BC942}") = "UnitTest1", "UnitTest1\UnitTest1.vcxproj", "{B466AF3F-F210-4786-B750-920DA4DCEE61}"
EndProject
Global
	GlobalSection(SolutionConfigurationPlatforms) = preSolution
		Debug|x64 = Debug|x64
		Debug|x86 = Debug|x86
		Release|x64 = Release|x64
		Release|x86 = Release|x86
	EndGlobalSection
	GlobalSection(ProjectConfigurationPlatforms) = postSolution
		{8B3034D2-6274-45F8-A3B7-3706B686B894}.Debug|x64.ActiveCfg = Debug|x64
		{8B3034D2-6274-45F8-A3B7-3706B686B894}.Debug|x64.Build.0 = Debug|x64
		{8B3034D2-6274-45F8-A3B7-3706B686B894}.Debug|x86.ActiveCfg = Debug|Win32
		{8B3034D2-6274-45F8-A3B7-3706B686B894}.Debug|x86.Build.0 = Debug|Win32
		{8B3034D2-6274-45F8-A3B7-3706B686B894}.Release|x64.ActiveCfg = Release|x64
		{8B3034D2-6274-45F8-A3B7-3706B686B894}.Release|x64.Build.0 = Release|x64
		{8B3034D2-6274-45F8-A3B7-3706B686B894}.Release|x86.ActiveCfg = Release|Win32
		{8B3034D2-6274-45F8-A3B7-3706B686B894}.Release|x86.Build.0 = Release|Win32
		{B466AF3F-F210-4786-B750-920DA4DCEE61}.Debug|x64.ActiveCfg = Debug|x64
		{B466AF3F-F210-4786-B750-920DA4DCEE61}.Debug|x64.Build.0 = Debug|x64
		{B466AF3F-F210-4786-B750-920DA4DCEE61}.Debug|x86.ActiveCfg = Debug|Win32
		{B466AF3F-F210-4786-B750-920DA4DCEE61}.Debug|x86.Build.0 = Debug|Win32
		{B466AF3F-F210-4786-B750-920DA4DCEE61}.Release|x64.ActiveCfg = Release|x64
		{B466AF3F-F210-4786-B750-920DA4DCEE61}.Release|x64.Build.0 = Release|x64
		{B466AF3F-F210-4786-B750-920DA4DCEE61}.Release|x86.ActiveCfg = Release|Win32
		{B466AF3F-F210-4786-B750-920DA4DCEE61}.Release|x86.Build.0 = Release|Win32
	EndGlobalSection
	GlobalSection(SolutionProperties) = preSolution
		HideSolutionNode = FALSE
	EndGlobalSection
	GlobalSection(ExtensibilityGlobals) = postSolution
		SolutionGuid = {C897D5DA-F455-463B-8FC3-3CCBC6AFC313}
	EndGlobalSection
EndGlobal
